# THIS IS AN AUTOGENERATED FILE. DO NOT EDIT THIS FILE DIRECTLY.
# yarn lockfile v1


accounting@^0.4.1:
  version "0.4.1"
  resolved "https://registry.yarnpkg.com/accounting/-/accounting-0.4.1.tgz#87dd4103eff7f4460f1e186f5c677ed6cf566883"

axios@^0.17.1:
  version "0.17.1"
  resolved "https://registry.yarnpkg.com/axios/-/axios-0.17.1.tgz#2d8e3e5d0bdbd7327f91bc814f5c57660f81824d"
  dependencies:
    follow-redirects "^1.2.5"
    is-buffer "^1.1.5"

bulma@^0.6.2:
  version "0.6.2"
  resolved "https://registry.yarnpkg.com/bulma/-/bulma-0.6.2.tgz#f4b1d11d5acc51a79644eb0a2b0b10649d3d71f5"

datatables-buttons@^1.0.3:
  version "1.0.3"
  resolved "https://registry.yarnpkg.com/datatables-buttons/-/datatables-buttons-1.0.3.tgz#cc3d5c97002f83981ee2bbb8e23b4127de8e7e57"
  dependencies:
    datatables ">=1.10.8"
    jquery ">=1.7.0"

datatables@>=1.10.8, datatables@^1.10.13:
  version "1.10.13"
  resolved "https://registry.yarnpkg.com/datatables/-/datatables-1.10.13.tgz#9bb2dec6f7dcf02049a00e4f0e7d3fe009c39346"
  dependencies:
    jquery ">=1.7"

debug@^3.1.0:
  version "3.1.0"
  resolved "https://registry.yarnpkg.com/debug/-/debug-3.1.0.tgz#5bb5a0672628b64149566ba16819e61518c67261"
  dependencies:
    ms "2.0.0"

fancybox@^3.0.0:
  version "3.0.0"
  resolved "https://registry.yarnpkg.com/fancybox/-/fancybox-3.0.0.tgz#8c21af8142c621bed7d551ba69c4c38eaecd2e04"

follow-redirects@^1.2.5:
  version "1.4.0"
  resolved "https://registry.yarnpkg.com/follow-redirects/-/follow-redirects-1.4.0.tgz#a146a3a5d402201c7a3e6128643f0e336d212b10"
  dependencies:
    debug "^3.1.0"

is-buffer@^1.1.5:
  version "1.1.6"
  resolved "https://registry.yarnpkg.com/is-buffer/-/is-buffer-1.1.6.tgz#efaa2ea9daa0d7ab2ea13a97b2b8ad51fefbe8be"

jquery-ui@^1.13.2:
  version "1.13.2"
  resolved "https://registry.yarnpkg.com/jquery-ui/-/jquery-ui-1.13.2.tgz#de03580ae6604773602f8d786ad1abfb75232034"
  dependencies:
    jquery ">=1.8.0 <4.0.0"

jquery@>=1.7, jquery@>=1.7.0, "jquery@>=1.8.0 <4.0.0", jquery@^3.2.1:
  version "3.6.0"
  resolved "https://registry.yarnpkg.com/jquery/-/jquery-3.6.0.tgz#c72a09f15c1bdce142f49dbf1170bdf8adac2470"

money@^0.2.0:
  version "0.2.0"
  resolved "https://registry.yarnpkg.com/money/-/money-0.2.0.tgz#7eada2df1009df935fa18d4fb1d620ddacce02c2"

ms@2.0.0:
  version "2.0.0"
  resolved "https://registry.yarnpkg.com/ms/-/ms-2.0.0.tgz#5608aeadfc00be6c2901df5f9861788de0d597c8"

noty@^3.2.0-beta:
  version "3.2.0-beta"
  resolved "https://registry.yarnpkg.com/noty/-/noty-3.2.0-beta.tgz#cd1117277a1b83c9b08dfc78f968c6c5960d3cfa"

summernote@^0.8.10:
  version "0.8.10"
  resolved "https://registry.yarnpkg.com/summernote/-/summernote-0.8.10.tgz#21a5d7f18a3b07500b58b60d5907417a54897520"

vue@^2.5.13:
  version "2.5.13"
  resolved "https://registry.yarnpkg.com/vue/-/vue-2.5.13.tgz#95bd31e20efcf7a7f39239c9aa6787ce8cf578e1"
